
Microsoft Visual Studio Solution File, Format Version 12.00
# Visual Studio Version 17
VisualStudioVersion = 17.14.36202.13 d17.14
MinimumVisualStudioVersion = 10.0.40219.1
Project("{FAE04EC0-301F-11D3-BF4B-00C04F79EFBC}") = "dotnet-secure-api", "dotnet-secure-api\dotnet-secure-api.csproj", "{6A9450D7-3DA0-40C1-B946-553E6717E327}"
EndProject
Global
	GlobalSection(SolutionConfigurationPlatforms) = preSolution
		Debug|Any CPU = Debug|Any CPU
		Release|Any CPU = Release|Any CPU
	EndGlobalSection
	GlobalSection(ProjectConfigurationPlatforms) = postSolution
		{6A9450D7-3DA0-40C1-B946-553E6717E327}.Debug|Any CPU.ActiveCfg = Debug|Any CPU
		{6A9450D7-3DA0-40C1-B946-553E6717E327}.Debug|Any CPU.Build.0 = Debug|Any CPU
		{6A9450D7-3DA0-40C1-B946-553E6717E327}.Release|Any CPU.ActiveCfg = Release|Any CPU
		{6A9450D7-3DA0-40C1-B946-553E6717E327}.Release|Any CPU.Build.0 = Release|Any CPU
	EndGlobalSection
	GlobalSection(SolutionProperties) = preSolution
		HideSolutionNode = FALSE
	EndGlobalSection
	GlobalSection(ExtensibilityGlobals) = postSolution
		SolutionGuid = {3D7919A5-F0B0-41CF-9272-AA9EC0B0A887}
	EndGlobalSection
EndGlobal
